<?xml version="1.0" encoding="utf-8"?>
<Project ToolsVersion="4.0" xmlns="http://schemas.microsoft.com/developer/msbuild/2003">
  <ItemGroup>
    <Filter Include="Resource Files">
      <UniqueIdentifier>{67DA6AB6-F800-4c08-8B7A-83BB121AAD01}</UniqueIdentifier>
      <Extensions>rc;ico;cur;bmp;dlg;rc2;rct;bin;rgs;gif;jpg;jpeg;jpe;resx;tiff;tif;png;wav;mfcribbon-ms</Extensions>
    </Filter>
    <Filter Include="Resource Files\Shaders">
      <UniqueIdentifier>{df3d570c-59d0-4d3f-89ed-228c645140a4}</UniqueIdentifier>
    </Filter>
    <Filter Include="Resource Files\Textures">
      <UniqueIdentifier>{7a5cf3fe-1899-4fc1-a357-0530bc1ac60d}</UniqueIdentifier>
    </Filter>
    <Filter Include="Resource Files\Models">
      <UniqueIdentifier>{381d8ba8-cc59-4e4d-bcdb-b15d6b338a2a}</UniqueIdentifier>
    </Filter>
    <Filter Include="Resource Files\Models\bunny">
      <UniqueIdentifier>{3eb5eef3-8708-48c2-8d16-cab8db346807}</UniqueIdentifier>
    </Filter>
    <Filter Include="Code Base">
      <UniqueIdentifier>{84811d44-9d29-4121-9527-8cdca1af0af7}</UniqueIdentifier>
    </Filter>
    <Filter Include="Code Base\Object">
      <UniqueIdentifier>{091f5e46-ec53-4391-a8c3-fdab2f2b91f2}</UniqueIdentifier>
    </Filter>
    <Filter Include="Code Base\External">
      <UniqueIdentifier>{b7685ec4-dcfe-439b-81a6-30620074d30b}</UniqueIdentifier>
    </Filter>
    <Filter Include="Code Base\Main">
      <UniqueIdentifier>{c2e05900-79f9-4f51-8a6a-a4834cecea45}</UniqueIdentifier>
    </Filter>
    <Filter Include="Code Base\Utilities">
      <UniqueIdentifier>{036d30f0-d005-4016-9b50-bb27922ec381}</UniqueIdentifier>
    </Filter>
    <Filter Include="Code Base\Rendering">
      <UniqueIdentifier>{04f60454-2054-49d4-ba4e-0b8727de820d}</UniqueIdentifier>
    </Filter>
    <Filter Include="Code Base\Rendering\Buffers">
      <UniqueIdentifier>{aa5eac48-baf2-4d0e-b8ba-5c02d4404a9f}</UniqueIdentifier>
    </Filter>
    <Filter Include="Code Base\Core">
      <UniqueIdentifier>{b407fe9b-fe7e-4743-9435-0c866951f1dc}</UniqueIdentifier>
    </Filter>
    <Filter Include="Code Base\Layers">
      <UniqueIdentifier>{1080fe65-8fdd-4f72-9edd-11608a01a77c}</UniqueIdentifier>
    </Filter>
    <Filter Include="Code Base\Object\Shape">
      <UniqueIdentifier>{6a5ba6cb-8861-4488-a46f-e79917368be6}</UniqueIdentifier>
    </Filter>
    <Filter Include="Code Base\Object\Math">
      <UniqueIdentifier>{e75eb386-75c5-4f85-af9c-7342b34c03ff}</UniqueIdentifier>
    </Filter>
    <Filter Include="Code Base\Scene">
      <UniqueIdentifier>{bc6cadb5-91ab-49e2-88e9-2415573dd019}</UniqueIdentifier>
    </Filter>
    <Filter Include="Code Base\Object\Physic">
      <UniqueIdentifier>{ed227603-b238-447f-af01-bd4b6f6a7444}</UniqueIdentifier>
    </Filter>
  </ItemGroup>
  <ItemGroup>
    <ClCompile Include="stb.cpp">
      <Filter>Code Base\External</Filter>
    </ClCompile>
    <ClCompile Include="glad.c">
      <Filter>Code Base\External</Filter>
    </ClCompile>
    <ClCompile Include="main.cpp">
      <Filter>Code Base\Main</Filter>
    </ClCompile>
    <ClCompile Include="ElementsBufferObj.cpp">
      <Filter>Code Base\Rendering\Buffers</Filter>
    </ClCompile>
    <ClCompile Include="VertexArrayObj.cpp">
      <Filter>Code Base\Rendering\Buffers</Filter>
    </ClCompile>
    <ClCompile Include="VertexBufferObj.cpp">
      <Filter>Code Base\Rendering\Buffers</Filter>
    </ClCompile>
    <ClCompile Include="Camera.cpp">
      <Filter>Code Base\Object</Filter>
    </ClCompile>
    <ClCompile Include="Mesh.cpp">
      <Filter>Code Base\Object</Filter>
    </ClCompile>
    <ClCompile Include="Model.cpp">
      <Filter>Code Base\Object</Filter>
    </ClCompile>
    <ClCompile Include="Shader.cpp">
      <Filter>Code Base\Object</Filter>
    </ClCompile>
    <ClCompile Include="Texture.cpp">
      <Filter>Code Base\Object</Filter>
    </ClCompile>
    <ClCompile Include="Math.cpp">
      <Filter>Code Base\Object\Math</Filter>
    </ClCompile>
    <ClCompile Include="Vector3.cpp">
      <Filter>Code Base\Object\Math</Filter>
    </ClCompile>
    <ClCompile Include="Matrix3x3.cpp">
      <Filter>Code Base\Object\Math</Filter>
    </ClCompile>
    <ClCompile Include="Quaternion.cpp">
      <Filter>Code Base\Object\Math</Filter>
    </ClCompile>
    <ClCompile Include="Matrix3x4.cpp">
      <Filter>Code Base\Object\Math</Filter>
    </ClCompile>
    <ClCompile Include="Matrix4x4.cpp">
      <Filter>Code Base\Object\Math</Filter>
    </ClCompile>
    <ClCompile Include="Plane.cpp">
      <Filter>Code Base\Object\Math</Filter>
    </ClCompile>
    <ClCompile Include="Vector2.cpp">
      <Filter>Code Base\Object\Math</Filter>
    </ClCompile>
    <ClCompile Include="Vector4.cpp">
      <Filter>Code Base\Object\Math</Filter>
    </ClCompile>
    <ClCompile Include="ModelData.cpp">
      <Filter>Code Base\Utilities</Filter>
    </ClCompile>
    <ClCompile Include="RenderManager.cpp">
      <Filter>Code Base\Rendering</Filter>
    </ClCompile>
    <ClCompile Include="Application.cpp">
      <Filter>Code Base\Core</Filter>
    </ClCompile>
    <ClCompile Include="Layer.cpp">
      <Filter>Code Base\Core</Filter>
    </ClCompile>
    <ClCompile Include="Window.cpp">
      <Filter>Code Base\Core</Filter>
    </ClCompile>
    <ClCompile Include="EngineModeLayer.cpp">
      <Filter>Code Base\Layers</Filter>
    </ClCompile>
    <ClCompile Include="Object.cpp">
      <Filter>Code Base\Object</Filter>
    </ClCompile>
    <ClCompile Include="InputManager.cpp">
      <Filter>Code Base\Core</Filter>
    </ClCompile>
    <ClCompile Include="PlaneShape.cpp">
      <Filter>Code Base\Object\Shape</Filter>
    </ClCompile>
    <ClCompile Include="SphereShape.cpp">
      <Filter>Code Base\Object\Shape</Filter>
    </ClCompile>
    <ClCompile Include="CubeShape.cpp">
      <Filter>Code Base\Object\Shape</Filter>
    </ClCompile>
    <ClCompile Include="SceneNode.cpp">
      <Filter>Code Base\Scene</Filter>
    </ClCompile>
    <ClCompile Include="MeshInstance.cpp" />
    <ClCompile Include="Shape.cpp">
      <Filter>Code Base\Object\Shape</Filter>
    </ClCompile>
    <ClCompile Include="AABB.cpp">
      <Filter>Code Base\Object\Math</Filter>
    </ClCompile>
    <ClCompile Include="RigidBody.cpp">
      <Filter>Code Base\Object\Physic</Filter>
    </ClCompile>
    <ClCompile Include="Collider.cpp">
      <Filter>Code Base\Object\Physic</Filter>
    </ClCompile>
    <ClCompile Include="PhysicWorld.cpp">
      <Filter>Code Base\Object\Physic</Filter>
    </ClCompile>
  </ItemGroup>
  <ItemGroup>
    <ClInclude Include="VertexBufferObj.h">
      <Filter>Code Base\Rendering\Buffers</Filter>
    </ClInclude>
    <ClInclude Include="VertexArrayObj.h">
      <Filter>Code Base\Rendering\Buffers</Filter>
    </ClInclude>
    <ClInclude Include="ElementsBufferObj.h">
      <Filter>Code Base\Rendering\Buffers</Filter>
    </ClInclude>
    <ClInclude Include="Texture.h">
      <Filter>Code Base\Object</Filter>
    </ClInclude>
    <ClInclude Include="Shader.h">
      <Filter>Code Base\Object</Filter>
    </ClInclude>
    <ClInclude Include="Model.h">
      <Filter>Code Base\Object</Filter>
    </ClInclude>
    <ClInclude Include="Mesh.h">
      <Filter>Code Base\Object</Filter>
    </ClInclude>
    <ClInclude Include="Camera.h">
      <Filter>Code Base\Object</Filter>
    </ClInclude>
    <ClInclude Include="Math.h">
      <Filter>Code Base\Object\Math</Filter>
    </ClInclude>
    <ClInclude Include="Vector3.h">
      <Filter>Code Base\Object\Math</Filter>
    </ClInclude>
    <ClInclude Include="Matrix3x3.h">
      <Filter>Code Base\Object\Math</Filter>
    </ClInclude>
    <ClInclude Include="Quaternion.h">
      <Filter>Code Base\Object\Math</Filter>
    </ClInclude>
    <ClInclude Include="Typedefs.h">
      <Filter>Code Base\Object\Math</Filter>
    </ClInclude>
    <ClInclude Include="Matrix3x4.h">
      <Filter>Code Base\Object\Math</Filter>
    </ClInclude>
    <ClInclude Include="Matrix4x4.h">
      <Filter>Code Base\Object\Math</Filter>
    </ClInclude>
    <ClInclude Include="Plane.h">
      <Filter>Code Base\Object\Math</Filter>
    </ClInclude>
    <ClInclude Include="Vector2.h">
      <Filter>Code Base\Object\Math</Filter>
    </ClInclude>
    <ClInclude Include="Vector4.h">
      <Filter>Code Base\Object\Math</Filter>
    </ClInclude>
    <ClInclude Include="ModelData.h">
      <Filter>Code Base\Utilities</Filter>
    </ClInclude>
    <ClInclude Include="Vertex.h">
      <Filter>Code Base\Rendering</Filter>
    </ClInclude>
    <ClInclude Include="RenderManager.h">
      <Filter>Code Base\Rendering</Filter>
    </ClInclude>
    <ClInclude Include="Application.h">
      <Filter>Code Base\Core</Filter>
    </ClInclude>
    <ClInclude Include="Event.h">
      <Filter>Code Base\Core</Filter>
    </ClInclude>
    <ClInclude Include="InputEvents.h">
      <Filter>Code Base\Core</Filter>
    </ClInclude>
    <ClInclude Include="Layer.h">
      <Filter>Code Base\Core</Filter>
    </ClInclude>
    <ClInclude Include="Window.h">
      <Filter>Code Base\Core</Filter>
    </ClInclude>
    <ClInclude Include="WindowEvents.h">
      <Filter>Code Base\Core</Filter>
    </ClInclude>
    <ClInclude Include="EngineModeLayer.h">
      <Filter>Code Base\Layers</Filter>
    </ClInclude>
    <ClInclude Include="Object.h">
      <Filter>Code Base\Object</Filter>
    </ClInclude>
    <ClInclude Include="InputManager.h">
      <Filter>Code Base\Core</Filter>
    </ClInclude>
    <ClInclude Include="SphereShape.h">
      <Filter>Code Base\Object\Shape</Filter>
    </ClInclude>
    <ClInclude Include="PlaneShape.h">
      <Filter>Code Base\Object\Shape</Filter>
    </ClInclude>
    <ClInclude Include="SceneNode.h">
      <Filter>Code Base\Scene</Filter>
    </ClInclude>
    <ClInclude Include="MeshInstance.h" />
    <ClInclude Include="CubeShape.h">
      <Filter>Code Base\Object\Shape</Filter>
    </ClInclude>
    <ClInclude Include="Shape.h">
      <Filter>Code Base\Object\Shape</Filter>
    </ClInclude>
    <ClInclude Include="AABB.h">
      <Filter>Code Base\Object\Math</Filter>
    </ClInclude>
    <ClInclude Include="RigidBody.h">
      <Filter>Code Base\Object\Physic</Filter>
    </ClInclude>
    <ClInclude Include="Collider.h">
      <Filter>Code Base\Object\Physic</Filter>
    </ClInclude>
    <ClInclude Include="PhysicWorld.h">
      <Filter>Code Base\Object\Physic</Filter>
    </ClInclude>
  </ItemGroup>
  <ItemGroup>
    <None Include="default.vert">
      <Filter>Resource Files\Shaders</Filter>
    </None>
    <None Include="default.frag">
      <Filter>Resource Files\Shaders</Filter>
    </None>
    <None Include="Models\bunny\scene.bin">
      <Filter>Resource Files\Models\bunny</Filter>
    </None>
    <None Include="Models\bunny\scene.gltf">
      <Filter>Resource Files\Models\bunny</Filter>
    </None>
    <None Include="light.frag">
      <Filter>Resource Files\Shaders</Filter>
    </None>
    <None Include="light.vert">
      <Filter>Resource Files\Shaders</Filter>
    </None>
  </ItemGroup>
  <ItemGroup>
    <Image Include="pop_cat.png">
      <Filter>Resource Files\Textures</Filter>
    </Image>
    <Image Include="planksSpec.png">
      <Filter>Resource Files\Textures</Filter>
    </Image>
    <Image Include="planks.png">
      <Filter>Resource Files\Textures</Filter>
    </Image>
    <Image Include="Models\bunny\metallicRoughness.png">
      <Filter>Resource Files\Models\bunny</Filter>
    </Image>
    <Image Include="Models\bunny\baseColor.png">
      <Filter>Resource Files\Models\bunny</Filter>
    </Image>
  </ItemGroup>
  <ItemGroup>
    <Text Include="WorkToDo.txt" />
  </ItemGroup>
</Project>